// !$*UTF8*$!
{
	archiveVersion = 1;
	classes = {
	};
	objectVersion = 46;
	objects = {

/* Begin PBXBuildFile section */
		39EE777CFD94453870626768 /* Pods_JenkinsTestApp1.framework in Frameworks */ = {isa = PBXBuildFile; fileRef = 4F714C8F4AECBD070C0C5012 /* Pods_JenkinsTestApp1.framework */; };
		4D97E7F71E8E55DC001B7025 /* AppDelegate.swift in Sources */ = {isa = PBXBuildFile; fileRef = 4D97E7F61E8E55DC001B7025 /* AppDelegate.swift */; };
		4D97E7F91E8E55DC001B7025 /* ViewController.swift in Sources */ = {isa = PBXBuildFile; fileRef = 4D97E7F81E8E55DC001B7025 /* ViewController.swift */; };
		4D97E7FC1E8E55DC001B7025 /* Main.storyboard in Resources */ = {isa = PBXBuildFile; fileRef = 4D97E7FA1E8E55DC001B7025 /* Main.storyboard */; };
		4D97E7FE1E8E55DC001B7025 /* Assets.xcassets in Resources */ = {isa = PBXBuildFile; fileRef = 4D97E7FD1E8E55DC001B7025 /* Assets.xcassets */; };
		4D97E8011E8E55DC001B7025 /* LaunchScreen.storyboard in Resources */ = {isa = PBXBuildFile; fileRef = 4D97E7FF1E8E55DC001B7025 /* LaunchScreen.storyboard */; };
		67F233A5780D767FD52DF7DC /* Pods_JenkinsTestApp1Tests.framework in Frameworks */ = {isa = PBXBuildFile; fileRef = A4CADF8001948AA03AA52AB1 /* Pods_JenkinsTestApp1Tests.framework */; };
		C40E4F4122B81ABA00B22653 /* JenkinsTestApp1Tests.swift in Sources */ = {isa = PBXBuildFile; fileRef = C40E4F4022B81ABA00B22653 /* JenkinsTestApp1Tests.swift */; };
		C483000F22B6D58000CB63C3 /* Fastfile in Resources */ = {isa = PBXBuildFile; fileRef = C483000E22B6D58000CB63C3 /* Fastfile */; };
		C483001B22B6DC6C00CB63C3 /* Appfile in Resources */ = {isa = PBXBuildFile; fileRef = C483001A22B6DC6C00CB63C3 /* Appfile */; };
		C483001F22B6DD7400CB63C3 /* ViewController.swift in Sources */ = {isa = PBXBuildFile; fileRef = 4D97E7F81E8E55DC001B7025 /* ViewController.swift */; };
		C483002022B6DD7400CB63C3 /* AppDelegate.swift in Sources */ = {isa = PBXBuildFile; fileRef = 4D97E7F61E8E55DC001B7025 /* AppDelegate.swift */; };
		C483002422B6DD7400CB63C3 /* Appfile in Resources */ = {isa = PBXBuildFile; fileRef = C483001A22B6DC6C00CB63C3 /* Appfile */; };
		C483002522B6DD7400CB63C3 /* LaunchScreen.storyboard in Resources */ = {isa = PBXBuildFile; fileRef = 4D97E7FF1E8E55DC001B7025 /* LaunchScreen.storyboard */; };
		C483002622B6DD7400CB63C3 /* Assets.xcassets in Resources */ = {isa = PBXBuildFile; fileRef = 4D97E7FD1E8E55DC001B7025 /* Assets.xcassets */; };
		C483002822B6DD7400CB63C3 /* Fastfile in Resources */ = {isa = PBXBuildFile; fileRef = C483000E22B6D58000CB63C3 /* Fastfile */; };
		C483002922B6DD7400CB63C3 /* Main.storyboard in Resources */ = {isa = PBXBuildFile; fileRef = 4D97E7FA1E8E55DC001B7025 /* Main.storyboard */; };
		C483003422B6DD8100CB63C3 /* ViewController.swift in Sources */ = {isa = PBXBuildFile; fileRef = 4D97E7F81E8E55DC001B7025 /* ViewController.swift */; };
		C483003522B6DD8100CB63C3 /* AppDelegate.swift in Sources */ = {isa = PBXBuildFile; fileRef = 4D97E7F61E8E55DC001B7025 /* AppDelegate.swift */; };
		C483003922B6DD8100CB63C3 /* Appfile in Resources */ = {isa = PBXBuildFile; fileRef = C483001A22B6DC6C00CB63C3 /* Appfile */; };
		C483003A22B6DD8100CB63C3 /* LaunchScreen.storyboard in Resources */ = {isa = PBXBuildFile; fileRef = 4D97E7FF1E8E55DC001B7025 /* LaunchScreen.storyboard */; };
		C483003B22B6DD8100CB63C3 /* Assets.xcassets in Resources */ = {isa = PBXBuildFile; fileRef = 4D97E7FD1E8E55DC001B7025 /* Assets.xcassets */; };
		C483003D22B6DD8100CB63C3 /* Fastfile in Resources */ = {isa = PBXBuildFile; fileRef = C483000E22B6D58000CB63C3 /* Fastfile */; };
		C483003E22B6DD8100CB63C3 /* Main.storyboard in Resources */ = {isa = PBXBuildFile; fileRef = 4D97E7FA1E8E55DC001B7025 /* Main.storyboard */; };
		C483004722B6DFFD00CB63C3 /* Pluginfile in Resources */ = {isa = PBXBuildFile; fileRef = C483004622B6DFFD00CB63C3 /* Pluginfile */; };
/* End PBXBuildFile section */

/* Begin PBXContainerItemProxy section */
		C40E4F4322B81ABA00B22653 /* PBXContainerItemProxy */ = {
			isa = PBXContainerItemProxy;
			containerPortal = 4D97E7EB1E8E55DC001B7025 /* Project object */;
			proxyType = 1;
			remoteGlobalIDString = 4D97E7F21E8E55DC001B7025;
			remoteInfo = JenkinsTestApp1;
		};
/* End PBXContainerItemProxy section */

/* Begin PBXFileReference section */
		4D97E7F31E8E55DC001B7025 /* JenkinsTestApp1.app */ = {isa = PBXFileReference; explicitFileType = wrapper.application; includeInIndex = 0; path = JenkinsTestApp1.app; sourceTree = BUILT_PRODUCTS_DIR; };
		4D97E7F61E8E55DC001B7025 /* AppDelegate.swift */ = {isa = PBXFileReference; lastKnownFileType = sourcecode.swift; path = AppDelegate.swift; sourceTree = "<group>"; };
		4D97E7F81E8E55DC001B7025 /* ViewController.swift */ = {isa = PBXFileReference; lastKnownFileType = sourcecode.swift; path = ViewController.swift; sourceTree = "<group>"; };
		4D97E7FB1E8E55DC001B7025 /* Base */ = {isa = PBXFileReference; lastKnownFileType = file.storyboard; name = Base; path = Base.lproj/Main.storyboard; sourceTree = "<group>"; };
		4D97E7FD1E8E55DC001B7025 /* Assets.xcassets */ = {isa = PBXFileReference; lastKnownFileType = folder.assetcatalog; path = Assets.xcassets; sourceTree = "<group>"; };
		4D97E8001E8E55DC001B7025 /* Base */ = {isa = PBXFileReference; lastKnownFileType = file.storyboard; name = Base; path = Base.lproj/LaunchScreen.storyboard; sourceTree = "<group>"; };
		4D97E8021E8E55DC001B7025 /* Info.plist */ = {isa = PBXFileReference; lastKnownFileType = text.plist.xml; path = Info.plist; sourceTree = "<group>"; };
		4F714C8F4AECBD070C0C5012 /* Pods_JenkinsTestApp1.framework */ = {isa = PBXFileReference; explicitFileType = wrapper.framework; includeInIndex = 0; path = Pods_JenkinsTestApp1.framework; sourceTree = BUILT_PRODUCTS_DIR; };
		789F022E4D43BDD52497CDFA /* Pods-JenkinsTestApp1Tests.release.xcconfig */ = {isa = PBXFileReference; includeInIndex = 1; lastKnownFileType = text.xcconfig; name = "Pods-JenkinsTestApp1Tests.release.xcconfig"; path = "Pods/Target Support Files/Pods-JenkinsTestApp1Tests/Pods-JenkinsTestApp1Tests.release.xcconfig"; sourceTree = "<group>"; };
		85A54C47B64D0FFEBA0E33DE /* Pods-JenkinsTestApp1Tests.debug.xcconfig */ = {isa = PBXFileReference; includeInIndex = 1; lastKnownFileType = text.xcconfig; name = "Pods-JenkinsTestApp1Tests.debug.xcconfig"; path = "Pods/Target Support Files/Pods-JenkinsTestApp1Tests/Pods-JenkinsTestApp1Tests.debug.xcconfig"; sourceTree = "<group>"; };
		8C8FA164FC9B1F91666EAFD1 /* Pods-JenkinsTestApp1.release.xcconfig */ = {isa = PBXFileReference; includeInIndex = 1; lastKnownFileType = text.xcconfig; name = "Pods-JenkinsTestApp1.release.xcconfig"; path = "Pods/Target Support Files/Pods-JenkinsTestApp1/Pods-JenkinsTestApp1.release.xcconfig"; sourceTree = "<group>"; };
		A4CADF8001948AA03AA52AB1 /* Pods_JenkinsTestApp1Tests.framework */ = {isa = PBXFileReference; explicitFileType = wrapper.framework; includeInIndex = 0; path = Pods_JenkinsTestApp1Tests.framework; sourceTree = BUILT_PRODUCTS_DIR; };
		B4433EEF45679CD05DD312BA /* Pods-JenkinsTestApp1.debug.xcconfig */ = {isa = PBXFileReference; includeInIndex = 1; lastKnownFileType = text.xcconfig; name = "Pods-JenkinsTestApp1.debug.xcconfig"; path = "Pods/Target Support Files/Pods-JenkinsTestApp1/Pods-JenkinsTestApp1.debug.xcconfig"; sourceTree = "<group>"; };
		C40E4F3E22B81ABA00B22653 /* JenkinsTestApp1Tests.xctest */ = {isa = PBXFileReference; explicitFileType = wrapper.cfbundle; includeInIndex = 0; path = JenkinsTestApp1Tests.xctest; sourceTree = BUILT_PRODUCTS_DIR; };
		C40E4F4022B81ABA00B22653 /* JenkinsTestApp1Tests.swift */ = {isa = PBXFileReference; lastKnownFileType = sourcecode.swift; path = JenkinsTestApp1Tests.swift; sourceTree = "<group>"; };
		C40E4F4222B81ABA00B22653 /* Info.plist */ = {isa = PBXFileReference; lastKnownFileType = text.plist.xml; path = Info.plist; sourceTree = "<group>"; };
		C483000E22B6D58000CB63C3 /* Fastfile */ = {isa = PBXFileReference; fileEncoding = 4; lastKnownFileType = text; path = Fastfile; sourceTree = "<group>"; };
		C483001A22B6DC6C00CB63C3 /* Appfile */ = {isa = PBXFileReference; lastKnownFileType = text; path = Appfile; sourceTree = "<group>"; };
		C483002F22B6DD7400CB63C3 /* JenkinsTestApp2.app */ = {isa = PBXFileReference; explicitFileType = wrapper.application; includeInIndex = 0; path = JenkinsTestApp2.app; sourceTree = BUILT_PRODUCTS_DIR; };
		C483003022B6DD7500CB63C3 /* JenkinsTestApp1 copy-Info.plist */ = {isa = PBXFileReference; lastKnownFileType = text.plist.xml; name = "JenkinsTestApp1 copy-Info.plist"; path = "/Users/raul/Documents/repository/JenkinsFastlaneExample/JenkinsTestApp1 copy-Info.plist"; sourceTree = "<absolute>"; };
		C483004422B6DD8100CB63C3 /* JenkinsTestApp3.app */ = {isa = PBXFileReference; explicitFileType = wrapper.application; includeInIndex = 0; path = JenkinsTestApp3.app; sourceTree = BUILT_PRODUCTS_DIR; };
		C483004522B6DD8100CB63C3 /* JenkinsTestApp2 copy-Info.plist */ = {isa = PBXFileReference; lastKnownFileType = text.plist.xml; name = "JenkinsTestApp2 copy-Info.plist"; path = "/Users/raul/Documents/repository/JenkinsFastlaneExample/JenkinsTestApp2 copy-Info.plist"; sourceTree = "<absolute>"; };
		C483004622B6DFFD00CB63C3 /* Pluginfile */ = {isa = PBXFileReference; lastKnownFileType = text; path = Pluginfile; sourceTree = "<group>"; };
/* End PBXFileReference section */

/* Begin PBXFrameworksBuildPhase section */
		4D97E7F01E8E55DC001B7025 /* Frameworks */ = {
			isa = PBXFrameworksBuildPhase;
			buildActionMask = 2147483647;
			files = (
				39EE777CFD94453870626768 /* Pods_JenkinsTestApp1.framework in Frameworks */,
			);
			runOnlyForDeploymentPostprocessing = 0;
		};
		C40E4F3B22B81ABA00B22653 /* Frameworks */ = {
			isa = PBXFrameworksBuildPhase;
			buildActionMask = 2147483647;
			files = (
				67F233A5780D767FD52DF7DC /* Pods_JenkinsTestApp1Tests.framework in Frameworks */,
			);
			runOnlyForDeploymentPostprocessing = 0;
		};
		C483002122B6DD7400CB63C3 /* Frameworks */ = {
			isa = PBXFrameworksBuildPhase;
			buildActionMask = 2147483647;
			files = (
			);
			runOnlyForDeploymentPostprocessing = 0;
		};
		C483003622B6DD8100CB63C3 /* Frameworks */ = {
			isa = PBXFrameworksBuildPhase;
			buildActionMask = 2147483647;
			files = (
			);
			runOnlyForDeploymentPostprocessing = 0;
		};
/* End PBXFrameworksBuildPhase section */

/* Begin PBXGroup section */
		4D97E7EA1E8E55DC001B7025 = {
			isa = PBXGroup;
			children = (
				C483000D22B6D58000CB63C3 /* fastlane */,
				4D97E7F51E8E55DC001B7025 /* JenkinsFastlaneExample */,
				C40E4F3F22B81ABA00B22653 /* JenkinsTestApp1Tests */,
				4D97E7F41E8E55DC001B7025 /* Products */,
				64CE2ECC85BCADC487D731B5 /* Pods */,
				EFF0FA903C6D30736DB3D2FD /* Frameworks */,
				C483003022B6DD7500CB63C3 /* JenkinsTestApp1 copy-Info.plist */,
				C483004522B6DD8100CB63C3 /* JenkinsTestApp2 copy-Info.plist */,
			);
			sourceTree = "<group>";
		};
		4D97E7F41E8E55DC001B7025 /* Products */ = {
			isa = PBXGroup;
			children = (
				4D97E7F31E8E55DC001B7025 /* JenkinsTestApp1.app */,
				C483002F22B6DD7400CB63C3 /* JenkinsTestApp2.app */,
				C483004422B6DD8100CB63C3 /* JenkinsTestApp3.app */,
				C40E4F3E22B81ABA00B22653 /* JenkinsTestApp1Tests.xctest */,
			);
			name = Products;
			sourceTree = "<group>";
		};
		4D97E7F51E8E55DC001B7025 /* JenkinsFastlaneExample */ = {
			isa = PBXGroup;
			children = (
				4D97E7F61E8E55DC001B7025 /* AppDelegate.swift */,
				4D97E7F81E8E55DC001B7025 /* ViewController.swift */,
				4D97E7FA1E8E55DC001B7025 /* Main.storyboard */,
				4D97E7FD1E8E55DC001B7025 /* Assets.xcassets */,
				4D97E7FF1E8E55DC001B7025 /* LaunchScreen.storyboard */,
				4D97E8021E8E55DC001B7025 /* Info.plist */,
			);
			path = JenkinsFastlaneExample;
			sourceTree = "<group>";
		};
		64CE2ECC85BCADC487D731B5 /* Pods */ = {
			isa = PBXGroup;
			children = (
				B4433EEF45679CD05DD312BA /* Pods-JenkinsTestApp1.debug.xcconfig */,
				8C8FA164FC9B1F91666EAFD1 /* Pods-JenkinsTestApp1.release.xcconfig */,
				85A54C47B64D0FFEBA0E33DE /* Pods-JenkinsTestApp1Tests.debug.xcconfig */,
				789F022E4D43BDD52497CDFA /* Pods-JenkinsTestApp1Tests.release.xcconfig */,
			);
			name = Pods;
			sourceTree = "<group>";
		};
		C40E4F3F22B81ABA00B22653 /* JenkinsTestApp1Tests */ = {
			isa = PBXGroup;
			children = (
				C40E4F4022B81ABA00B22653 /* JenkinsTestApp1Tests.swift */,
				C40E4F4222B81ABA00B22653 /* Info.plist */,
			);
			path = JenkinsTestApp1Tests;
			sourceTree = "<group>";
		};
		C483000D22B6D58000CB63C3 /* fastlane */ = {
			isa = PBXGroup;
			children = (
				C483000E22B6D58000CB63C3 /* Fastfile */,
				C483001A22B6DC6C00CB63C3 /* Appfile */,
				C483004622B6DFFD00CB63C3 /* Pluginfile */,
			);
			path = fastlane;
			sourceTree = "<group>";
		};
		EFF0FA903C6D30736DB3D2FD /* Frameworks */ = {
			isa = PBXGroup;
			children = (
				4F714C8F4AECBD070C0C5012 /* Pods_JenkinsTestApp1.framework */,
				A4CADF8001948AA03AA52AB1 /* Pods_JenkinsTestApp1Tests.framework */,
			);
			name = Frameworks;
			sourceTree = "<group>";
		};
/* End PBXGroup section */

/* Begin PBXNativeTarget section */
		4D97E7F21E8E55DC001B7025 /* JenkinsTestApp1 */ = {
			isa = PBXNativeTarget;
			buildConfigurationList = 4D97E8051E8E55DC001B7025 /* Build configuration list for PBXNativeTarget "JenkinsTestApp1" */;
			buildPhases = (
				1F7DD2EB0B36F9BF3486666F /* [CP] Check Pods Manifest.lock */,
				4D97E7EF1E8E55DC001B7025 /* Sources */,
				4D97E7F01E8E55DC001B7025 /* Frameworks */,
				4D97E7F11E8E55DC001B7025 /* Resources */,
			);
			buildRules = (
			);
			dependencies = (
			);
			name = JenkinsTestApp1;
			productName = JenkinsFastlaneExample;
			productReference = 4D97E7F31E8E55DC001B7025 /* JenkinsTestApp1.app */;
			productType = "com.apple.product-type.application";
		};
		C40E4F3D22B81ABA00B22653 /* JenkinsTestApp1Tests */ = {
			isa = PBXNativeTarget;
			buildConfigurationList = C40E4F4722B81ABA00B22653 /* Build configuration list for PBXNativeTarget "JenkinsTestApp1Tests" */;
			buildPhases = (
				B6EB3A84258BD9E991A844D6 /* [CP] Check Pods Manifest.lock */,
				C40E4F3A22B81ABA00B22653 /* Sources */,
				C40E4F3B22B81ABA00B22653 /* Frameworks */,
				C40E4F3C22B81ABA00B22653 /* Resources */,
			);
			buildRules = (
			);
			dependencies = (
				C40E4F4422B81ABA00B22653 /* PBXTargetDependency */,
			);
			name = JenkinsTestApp1Tests;
			productName = JenkinsTestApp1Tests;
			productReference = C40E4F3E22B81ABA00B22653 /* JenkinsTestApp1Tests.xctest */;
			productType = "com.apple.product-type.bundle.unit-test";
		};
		C483001C22B6DD7400CB63C3 /* JenkinsTestApp2 */ = {
			isa = PBXNativeTarget;
			buildConfigurationList = C483002C22B6DD7400CB63C3 /* Build configuration list for PBXNativeTarget "JenkinsTestApp2" */;
			buildPhases = (
				C483001E22B6DD7400CB63C3 /* Sources */,
				C483002122B6DD7400CB63C3 /* Frameworks */,
				C483002322B6DD7400CB63C3 /* Resources */,
			);
			buildRules = (
			);
			dependencies = (
			);
			name = JenkinsTestApp2;
			productName = JenkinsFastlaneExample;
			productReference = C483002F22B6DD7400CB63C3 /* JenkinsTestApp2.app */;
			productType = "com.apple.product-type.application";
		};
		C483003122B6DD8100CB63C3 /* JenkinsTestApp3 */ = {
			isa = PBXNativeTarget;
			buildConfigurationList = C483004122B6DD8100CB63C3 /* Build configuration list for PBXNativeTarget "JenkinsTestApp3" */;
			buildPhases = (
				C483003322B6DD8100CB63C3 /* Sources */,
				C483003622B6DD8100CB63C3 /* Frameworks */,
				C483003822B6DD8100CB63C3 /* Resources */,
			);
			buildRules = (
			);
			dependencies = (
			);
			name = JenkinsTestApp3;
			productName = JenkinsFastlaneExample;
			productReference = C483004422B6DD8100CB63C3 /* JenkinsTestApp3.app */;
			productType = "com.apple.product-type.application";
		};
/* End PBXNativeTarget section */

/* Begin PBXProject section */
		4D97E7EB1E8E55DC001B7025 /* Project object */ = {
			isa = PBXProject;
			attributes = {
				LastSwiftUpdateCheck = 1020;
				LastUpgradeCheck = 1020;
				ORGANIZATIONNAME = "Christoph Herrmann";
				TargetAttributes = {
					4D97E7F21E8E55DC001B7025 = {
						CreatedOnToolsVersion = 8.2.1;
						DevelopmentTeam = P49GGRL8FW;
						ProvisioningStyle = Automatic;
					};
					C40E4F3D22B81ABA00B22653 = {
						CreatedOnToolsVersion = 10.2.1;
						DevelopmentTeam = 98CF9452A5;
						ProvisioningStyle = Automatic;
						TestTargetID = 4D97E7F21E8E55DC001B7025;
					};
					C483001C22B6DD7400CB63C3 = {
						DevelopmentTeam = 98CF9452A5;
					};
					C483003122B6DD8100CB63C3 = {
						DevelopmentTeam = 98CF9452A5;
					};
				};
			};
			buildConfigurationList = 4D97E7EE1E8E55DC001B7025 /* Build configuration list for PBXProject "JenkinsFastlaneExample" */;
			compatibilityVersion = "Xcode 3.2";
			developmentRegion = en;
			hasScannedForEncodings = 0;
			knownRegions = (
				en,
				Base,
			);
			mainGroup = 4D97E7EA1E8E55DC001B7025;
			productRefGroup = 4D97E7F41E8E55DC001B7025 /* Products */;
			projectDirPath = "";
			projectRoot = "";
			targets = (
				4D97E7F21E8E55DC001B7025 /* JenkinsTestApp1 */,
				C483001C22B6DD7400CB63C3 /* JenkinsTestApp2 */,
				C483003122B6DD8100CB63C3 /* JenkinsTestApp3 */,
				C40E4F3D22B81ABA00B22653 /* JenkinsTestApp1Tests */,
			);
		};
/* End PBXProject section */

/* Begin PBXResourcesBuildPhase section */
		4D97E7F11E8E55DC001B7025 /* Resources */ = {
			isa = PBXResourcesBuildPhase;
			buildActionMask = 2147483647;
			files = (
				C483001B22B6DC6C00CB63C3 /* Appfile in Resources */,
				4D97E8011E8E55DC001B7025 /* LaunchScreen.storyboard in Resources */,
				4D97E7FE1E8E55DC001B7025 /* Assets.xcassets in Resources */,
				C483004722B6DFFD00CB63C3 /* Pluginfile in Resources */,
				C483000F22B6D58000CB63C3 /* Fastfile in Resources */,
				4D97E7FC1E8E55DC001B7025 /* Main.storyboard in Resources */,
			);
			runOnlyForDeploymentPostprocessing = 0;
		};
		C40E4F3C22B81ABA00B22653 /* Resources */ = {
			isa = PBXResourcesBuildPhase;
			buildActionMask = 2147483647;
			files = (
			);
			runOnlyForDeploymentPostprocessing = 0;
		};
		C483002322B6DD7400CB63C3 /* Resources */ = {
			isa = PBXResourcesBuildPhase;
			buildActionMask = 2147483647;
			files = (
				C483002422B6DD7400CB63C3 /* Appfile in Resources */,
				C483002522B6DD7400CB63C3 /* LaunchScreen.storyboard in Resources */,
				C483002622B6DD7400CB63C3 /* Assets.xcassets in Resources */,
				C483002822B6DD7400CB63C3 /* Fastfile in Resources */,
				C483002922B6DD7400CB63C3 /* Main.storyboard in Resources */,
			);
			runOnlyForDeploymentPostprocessing = 0;
		};
		C483003822B6DD8100CB63C3 /* Resources */ = {
			isa = PBXResourcesBuildPhase;
			buildActionMask = 2147483647;
			files = (
				C483003922B6DD8100CB63C3 /* Appfile in Resources */,
				C483003A22B6DD8100CB63C3 /* LaunchScreen.storyboard in Resources */,
				C483003B22B6DD8100CB63C3 /* Assets.xcassets in Resources */,
				C483003D22B6DD8100CB63C3 /* Fastfile in Resources */,
				C483003E22B6DD8100CB63C3 /* Main.storyboard in Resources */,
			);
			runOnlyForDeploymentPostprocessing = 0;
		};
/* End PBXResourcesBuildPhase section */

/* Begin PBXShellScriptBuildPhase section */
		1F7DD2EB0B36F9BF3486666F /* [CP] Check Pods Manifest.lock */ = {
			isa = PBXShellScriptBuildPhase;
			buildActionMask = 2147483647;
			files = (
			);
			inputPaths = (
				"${PODS_PODFILE_DIR_PATH}/Podfile.lock",
				"${PODS_ROOT}/Manifest.lock",
			);
			name = "[CP] Check Pods Manifest.lock";
			outputPaths = (
				"$(DERIVED_FILE_DIR)/Pods-JenkinsTestApp1-checkManifestLockResult.txt",
			);
			runOnlyForDeploymentPostprocessing = 0;
			shellPath = /bin/sh;
			shellScript = "diff \"${PODS_PODFILE_DIR_PATH}/Podfile.lock\" \"${PODS_ROOT}/Manifest.lock\" > /dev/null\nif [ $? != 0 ] ; then\n    # print error to STDERR\n    echo \"error: The sandbox is not in sync with the Podfile.lock. Run 'pod install' or update your CocoaPods installation.\" >&2\n    exit 1\nfi\n# This output is used by Xcode 'outputs' to avoid re-running this script phase.\necho \"SUCCESS\" > \"${SCRIPT_OUTPUT_FILE_0}\"\n";
			showEnvVarsInLog = 0;
		};
		B6EB3A84258BD9E991A844D6 /* [CP] Check Pods Manifest.lock */ = {
			isa = PBXShellScriptBuildPhase;
			buildActionMask = 2147483647;
			files = (
			);
			inputFileListPaths = (
			);
			inputPaths = (
				"${PODS_PODFILE_DIR_PATH}/Podfile.lock",
				"${PODS_ROOT}/Manifest.lock",
			);
			name = "[CP] Check Pods Manifest.lock";
			outputFileListPaths = (
			);
			outputPaths = (
				"$(DERIVED_FILE_DIR)/Pods-JenkinsTestApp1Tests-checkManifestLockResult.txt",
			);
			runOnlyForDeploymentPostprocessing = 0;
			shellPath = /bin/sh;
			shellScript = "diff \"${PODS_PODFILE_DIR_PATH}/Podfile.lock\" \"${PODS_ROOT}/Manifest.lock\" > /dev/null\nif [ $? != 0 ] ; then\n    # print error to STDERR\n    echo \"error: The sandbox is not in sync with the Podfile.lock. Run 'pod install' or update your CocoaPods installation.\" >&2\n    exit 1\nfi\n# This output is used by Xcode 'outputs' to avoid re-running this script phase.\necho \"SUCCESS\" > \"${SCRIPT_OUTPUT_FILE_0}\"\n";
			showEnvVarsInLog = 0;
		};
/* End PBXShellScriptBuildPhase section */

/* Begin PBXSourcesBuildPhase section */
		4D97E7EF1E8E55DC001B7025 /* Sources */ = {
			isa = PBXSourcesBuildPhase;
			buildActionMask = 2147483647;
			files = (
				4D97E7F91E8E55DC001B7025 /* ViewController.swift in Sources */,
				4D97E7F71E8E55DC001B7025 /* AppDelegate.swift in Sources */,
			);
			runOnlyForDeploymentPostprocessing = 0;
		};
		C40E4F3A22B81ABA00B22653 /* Sources */ = {
			isa = PBXSourcesBuildPhase;
			buildActionMask = 2147483647;
			files = (
				C40E4F4122B81ABA00B22653 /* JenkinsTestApp1Tests.swift in Sources */,
			);
			runOnlyForDeploymentPostprocessing = 0;
		};
		C483001E22B6DD7400CB63C3 /* Sources */ = {
			isa = PBXSourcesBuildPhase;
			buildActionMask = 2147483647;
			files = (
				C483001F22B6DD7400CB63C3 /* ViewController.swift in Sources */,
				C483002022B6DD7400CB63C3 /* AppDelegate.swift in Sources */,
			);
			runOnlyForDeploymentPostprocessing = 0;
		};
		C483003322B6DD8100CB63C3 /* Sources */ = {
			isa = PBXSourcesBuildPhase;
			buildActionMask = 2147483647;
			files = (
				C483003422B6DD8100CB63C3 /* ViewController.swift in Sources */,
				C483003522B6DD8100CB63C3 /* AppDelegate.swift in Sources */,
			);
			runOnlyForDeploymentPostprocessing = 0;
		};
/* End PBXSourcesBuildPhase section */

/* Begin PBXTargetDependency section */
		C40E4F4422B81ABA00B22653 /* PBXTargetDependency */ = {
			isa = PBXTargetDependency;
			target = 4D97E7F21E8E55DC001B7025 /* JenkinsTestApp1 */;
			targetProxy = C40E4F4322B81ABA00B22653 /* PBXContainerItemProxy */;
		};
/* End PBXTargetDependency section */

/* Begin PBXVariantGroup section */
		4D97E7FA1E8E55DC001B7025 /* Main.storyboard */ = {
			isa = PBXVariantGroup;
			children = (
				4D97E7FB1E8E55DC001B7025 /* Base */,
			);
			name = Main.storyboard;
			sourceTree = "<group>";
		};
		4D97E7FF1E8E55DC001B7025 /* LaunchScreen.storyboard */ = {
			isa = PBXVariantGroup;
			children = (
				4D97E8001E8E55DC001B7025 /* Base */,
			);
			name = LaunchScreen.storyboard;
			sourceTree = "<group>";
		};
/* End PBXVariantGroup section */

/* Begin XCBuildConfiguration section */
		4D97E8031E8E55DC001B7025 /* Debug */ = {
			isa = XCBuildConfiguration;
			buildSettings = {
				ALWAYS_SEARCH_USER_PATHS = NO;
				CLANG_ANALYZER_LOCALIZABILITY_NONLOCALIZED = YES;
				CLANG_ANALYZER_NONNULL = YES;
				CLANG_CXX_LANGUAGE_STANDARD = "gnu++0x";
				CLANG_CXX_LIBRARY = "libc++";
				CLANG_ENABLE_MODULES = YES;
				CLANG_ENABLE_OBJC_ARC = YES;
				CLANG_WARN_BLOCK_CAPTURE_AUTORELEASING = YES;
				CLANG_WARN_BOOL_CONVERSION = YES;
				CLANG_WARN_COMMA = YES;
				CLANG_WARN_CONSTANT_CONVERSION = YES;
				CLANG_WARN_DEPRECATED_OBJC_IMPLEMENTATIONS = YES;
				CLANG_WARN_DIRECT_OBJC_ISA_USAGE = YES_ERROR;
				CLANG_WARN_DOCUMENTATION_COMMENTS = YES;
				CLANG_WARN_EMPTY_BODY = YES;
				CLANG_WARN_ENUM_CONVERSION = YES;
				CLANG_WARN_INFINITE_RECURSION = YES;
				CLANG_WARN_INT_CONVERSION = YES;
				CLANG_WARN_NON_LITERAL_NULL_CONVERSION = YES;
				CLANG_WARN_OBJC_IMPLICIT_RETAIN_SELF = YES;
				CLANG_WARN_OBJC_LITERAL_CONVERSION = YES;
				CLANG_WARN_OBJC_ROOT_CLASS = YES_ERROR;
				CLANG_WARN_RANGE_LOOP_ANALYSIS = YES;
				CLANG_WARN_STRICT_PROTOTYPES = YES;
				CLANG_WARN_SUSPICIOUS_MOVE = YES;
				CLANG_WARN_UNREACHABLE_CODE = YES;
				CLANG_WARN__DUPLICATE_METHOD_MATCH = YES;
				"CODE_SIGN_IDENTITY[sdk=iphoneos*]" = "iPhone Developer";
				COPY_PHASE_STRIP = NO;
				CURRENT_PROJECT_VERSION = 4;
				DEBUG_INFORMATION_FORMAT = dwarf;
				ENABLE_STRICT_OBJC_MSGSEND = YES;
				ENABLE_TESTABILITY = YES;
				GCC_C_LANGUAGE_STANDARD = gnu99;
				GCC_DYNAMIC_NO_PIC = NO;
				GCC_NO_COMMON_BLOCKS = YES;
				GCC_OPTIMIZATION_LEVEL = 0;
				GCC_PREPROCESSOR_DEFINITIONS = (
					"DEBUG=1",
					"$(inherited)",
				);
				GCC_WARN_64_TO_32_BIT_CONVERSION = YES;
				GCC_WARN_ABOUT_RETURN_TYPE = YES_ERROR;
				GCC_WARN_UNDECLARED_SELECTOR = YES;
				GCC_WARN_UNINITIALIZED_AUTOS = YES_AGGRESSIVE;
				GCC_WARN_UNUSED_FUNCTION = YES;
				GCC_WARN_UNUSED_VARIABLE = YES;
				IPHONEOS_DEPLOYMENT_TARGET = 10.2;
				MTL_ENABLE_DEBUG_INFO = YES;
				ONLY_ACTIVE_ARCH = YES;
				SDKROOT = iphoneos;
				SWIFT_ACTIVE_COMPILATION_CONDITIONS = DEBUG;
				SWIFT_OPTIMIZATION_LEVEL = "-Onone";
				TARGETED_DEVICE_FAMILY = "1,2";
				VERSIONING_SYSTEM = "apple-generic";
			};
			name = Debug;
		};
		4D97E8041E8E55DC001B7025 /* Release */ = {
			isa = XCBuildConfiguration;
			buildSettings = {
				ALWAYS_SEARCH_USER_PATHS = NO;
				CLANG_ANALYZER_LOCALIZABILITY_NONLOCALIZED = YES;
				CLANG_ANALYZER_NONNULL = YES;
				CLANG_CXX_LANGUAGE_STANDARD = "gnu++0x";
				CLANG_CXX_LIBRARY = "libc++";
				CLANG_ENABLE_MODULES = YES;
				CLANG_ENABLE_OBJC_ARC = YES;
				CLANG_WARN_BLOCK_CAPTURE_AUTORELEASING = YES;
				CLANG_WARN_BOOL_CONVERSION = YES;
				CLANG_WARN_COMMA = YES;
				CLANG_WARN_CONSTANT_CONVERSION = YES;
				CLANG_WARN_DEPRECATED_OBJC_IMPLEMENTATIONS = YES;
				CLANG_WARN_DIRECT_OBJC_ISA_USAGE = YES_ERROR;
				CLANG_WARN_DOCUMENTATION_COMMENTS = YES;
				CLANG_WARN_EMPTY_BODY = YES;
				CLANG_WARN_ENUM_CONVERSION = YES;
				CLANG_WARN_INFINITE_RECURSION = YES;
				CLANG_WARN_INT_CONVERSION = YES;
				CLANG_WARN_NON_LITERAL_NULL_CONVERSION = YES;
				CLANG_WARN_OBJC_IMPLICIT_RETAIN_SELF = YES;
				CLANG_WARN_OBJC_LITERAL_CONVERSION = YES;
				CLANG_WARN_OBJC_ROOT_CLASS = YES_ERROR;
				CLANG_WARN_RANGE_LOOP_ANALYSIS = YES;
				CLANG_WARN_STRICT_PROTOTYPES = YES;
				CLANG_WARN_SUSPICIOUS_MOVE = YES;
				CLANG_WARN_UNREACHABLE_CODE = YES;
				CLANG_WARN__DUPLICATE_METHOD_MATCH = YES;
				"CODE_SIGN_IDENTITY[sdk=iphoneos*]" = "iPhone Developer";
				COPY_PHASE_STRIP = NO;
				CURRENT_PROJECT_VERSION = 4;
				DEBUG_INFORMATION_FORMAT = "dwarf-with-dsym";
				ENABLE_NS_ASSERTIONS = NO;
				ENABLE_STRICT_OBJC_MSGSEND = YES;
				GCC_C_LANGUAGE_STANDARD = gnu99;
				GCC_NO_COMMON_BLOCKS = YES;
				GCC_WARN_64_TO_32_BIT_CONVERSION = YES;
				GCC_WARN_ABOUT_RETURN_TYPE = YES_ERROR;
				GCC_WARN_UNDECLARED_SELECTOR = YES;
				GCC_WARN_UNINITIALIZED_AUTOS = YES_AGGRESSIVE;
				GCC_WARN_UNUSED_FUNCTION = YES;
				GCC_WARN_UNUSED_VARIABLE = YES;
				IPHONEOS_DEPLOYMENT_TARGET = 10.2;
				MTL_ENABLE_DEBUG_INFO = NO;
				SDKROOT = iphoneos;
				SWIFT_OPTIMIZATION_LEVEL = "-Owholemodule";
				TARGETED_DEVICE_FAMILY = "1,2";
				VALIDATE_PRODUCT = YES;
				VERSIONING_SYSTEM = "apple-generic";
			};
			name = Release;
		};
		4D97E8061E8E55DC001B7025 /* Debug */ = {
			isa = XCBuildConfiguration;
			baseConfigurationReference = B4433EEF45679CD05DD312BA /* Pods-JenkinsTestApp1.debug.xcconfig */;
			buildSettings = {
				ASSETCATALOG_COMPILER_APPICON_NAME = AppIcon;
				DEVELOPMENT_TEAM = P49GGRL8FW;
				INFOPLIST_FILE = JenkinsFastlaneExample/Info.plist;
				LD_RUNPATH_SEARCH_PATHS = "$(inherited) @executable_path/Frameworks";
				PRODUCT_BUNDLE_IDENTIFIER = aero.jfs.test.internal.JenkinsTestApp1;
				PRODUCT_NAME = "$(TARGET_NAME)";
				SWIFT_VERSION = 5.0;
			};
			name = Debug;
		};
		4D97E8071E8E55DC001B7025 /* Release */ = {
			isa = XCBuildConfiguration;
			baseConfigurationReference = 8C8FA164FC9B1F91666EAFD1 /* Pods-JenkinsTestApp1.release.xcconfig */;
			buildSettings = {
				ASSETCATALOG_COMPILER_APPICON_NAME = AppIcon;
				DEVELOPMENT_TEAM = P49GGRL8FW;
				INFOPLIST_FILE = JenkinsFastlaneExample/Info.plist;
				LD_RUNPATH_SEARCH_PATHS = "$(inherited) @executable_path/Frameworks";
				PRODUCT_BUNDLE_IDENTIFIER = aero.jfs.test.internal.JenkinsTestApp1;
				PRODUCT_NAME = "$(TARGET_NAME)";
				SWIFT_VERSION = 5.0;
			};
			name = Release;
		};
		C40E4F4522B81ABA00B22653 /* Debug */ = {
			isa = XCBuildConfiguration;
			baseConfigurationReference = 85A54C47B64D0FFEBA0E33DE /* Pods-JenkinsTestApp1Tests.debug.xcconfig */;
			buildSettings = {
				BUNDLE_LOADER = "$(TEST_HOST)";
				CLANG_ANALYZER_NUMBER_OBJECT_CONVERSION = YES_AGGRESSIVE;
				CLANG_CXX_LANGUAGE_STANDARD = "gnu++14";
				CLANG_ENABLE_OBJC_WEAK = YES;
				CLANG_WARN_UNGUARDED_AVAILABILITY = YES_AGGRESSIVE;
				CODE_SIGN_IDENTITY = "iPhone Developer";
				CODE_SIGN_STYLE = Automatic;
				DEVELOPMENT_TEAM = 98CF9452A5;
				GCC_C_LANGUAGE_STANDARD = gnu11;
				INFOPLIST_FILE = JenkinsTestApp1Tests/Info.plist;
				IPHONEOS_DEPLOYMENT_TARGET = 12.2;
				LD_RUNPATH_SEARCH_PATHS = "$(inherited) @executable_path/Frameworks @loader_path/Frameworks";
				MTL_ENABLE_DEBUG_INFO = INCLUDE_SOURCE;
				MTL_FAST_MATH = YES;
				PRODUCT_BUNDLE_IDENTIFIER = aero.ifs.jenkins.fastlane.test.unittest.JenkinsTestApp1Tests;
				PRODUCT_NAME = "$(TARGET_NAME)";
				SWIFT_VERSION = 5.0;
				TARGETED_DEVICE_FAMILY = "1,2";
				TEST_HOST = "$(BUILT_PRODUCTS_DIR)/JenkinsTestApp1.app/JenkinsTestApp1";
			};
			name = Debug;
		};
		C40E4F4622B81ABA00B22653 /* Release */ = {
			isa = XCBuildConfiguration;
			baseConfigurationReference = 789F022E4D43BDD52497CDFA /* Pods-JenkinsTestApp1Tests.release.xcconfig */;
			buildSettings = {
				BUNDLE_LOADER = "$(TEST_HOST)";
				CLANG_ANALYZER_NUMBER_OBJECT_CONVERSION = YES_AGGRESSIVE;
				CLANG_CXX_LANGUAGE_STANDARD = "gnu++14";
				CLANG_ENABLE_OBJC_WEAK = YES;
				CLANG_WARN_UNGUARDED_AVAILABILITY = YES_AGGRESSIVE;
				CODE_SIGN_IDENTITY = "iPhone Developer";
				CODE_SIGN_STYLE = Automatic;
				DEVELOPMENT_TEAM = 98CF9452A5;
				GCC_C_LANGUAGE_STANDARD = gnu11;
				INFOPLIST_FILE = JenkinsTestApp1Tests/Info.plist;
				IPHONEOS_DEPLOYMENT_TARGET = 12.2;
				LD_RUNPATH_SEARCH_PATHS = "$(inherited) @executable_path/Frameworks @loader_path/Frameworks";
				MTL_FAST_MATH = YES;
				PRODUCT_BUNDLE_IDENTIFIER = aero.ifs.jenkins.fastlane.test.unittest.JenkinsTestApp1Tests;
				PRODUCT_NAME = "$(TARGET_NAME)";
				SWIFT_VERSION = 5.0;
				TARGETED_DEVICE_FAMILY = "1,2";
				TEST_HOST = "$(BUILT_PRODUCTS_DIR)/JenkinsTestApp1.app/JenkinsTestApp1";
			};
			name = Release;
		};
		C483002D22B6DD7400CB63C3 /* Debug */ = {
			isa = XCBuildConfiguration;
			buildSettings = {
				ASSETCATALOG_COMPILER_APPICON_NAME = AppIcon;
				DEVELOPMENT_TEAM = 98CF9452A5;
				INFOPLIST_FILE = "JenkinsTestApp1 copy-Info.plist";
				LD_RUNPATH_SEARCH_PATHS = "$(inherited) @executable_path/Frameworks";
				PRODUCT_BUNDLE_IDENTIFIER = aero.jfs.test.internal.JenkinsTestApp2;
				PRODUCT_NAME = "$(TARGET_NAME)";
				SWIFT_VERSION = 5.0;
			};
			name = Debug;
		};
		C483002E22B6DD7400CB63C3 /* Release */ = {
			isa = XCBuildConfiguration;
			buildSettings = {
				ASSETCATALOG_COMPILER_APPICON_NAME = AppIcon;
				DEVELOPMENT_TEAM = 98CF9452A5;
				INFOPLIST_FILE = "JenkinsTestApp1 copy-Info.plist";
				LD_RUNPATH_SEARCH_PATHS = "$(inherited) @executable_path/Frameworks";
				PRODUCT_BUNDLE_IDENTIFIER = aero.jfs.test.internal.JenkinsTestApp2;
				PRODUCT_NAME = "$(TARGET_NAME)";
				SWIFT_VERSION = 5.0;
			};
			name = Release;
		};
		C483004222B6DD8100CB63C3 /* Debug */ = {
			isa = XCBuildConfiguration;
			buildSettings = {
				ASSETCATALOG_COMPILER_APPICON_NAME = AppIcon;
				DEVELOPMENT_TEAM = 98CF9452A5;
				INFOPLIST_FILE = "JenkinsTestApp2 copy-Info.plist";
				LD_RUNPATH_SEARCH_PATHS = "$(inherited) @executable_path/Frameworks";
				PRODUCT_BUNDLE_IDENTIFIER = aero.jfs.test.internal.JenkinsTestApp3;
				PRODUCT_NAME = "$(TARGET_NAME)";
				SWIFT_VERSION = 5.0;
			};
			name = Debug;
		};
		C483004322B6DD8100CB63C3 /* Release */ = {
			isa = XCBuildConfiguration;
			buildSettings = {
				ASSETCATALOG_COMPILER_APPICON_NAME = AppIcon;
				DEVELOPMENT_TEAM = 98CF9452A5;
				INFOPLIST_FILE = "JenkinsTestApp2 copy-Info.plist";
				LD_RUNPATH_SEARCH_PATHS = "$(inherited) @executable_path/Frameworks";
				PRODUCT_BUNDLE_IDENTIFIER = aero.jfs.test.internal.JenkinsTestApp3;
				PRODUCT_NAME = "$(TARGET_NAME)";
				SWIFT_VERSION = 5.0;
			};
			name = Release;
		};
/* End XCBuildConfiguration section */

/* Begin XCConfigurationList section */
		4D97E7EE1E8E55DC001B7025 /* Build configuration list for PBXProject "JenkinsFastlaneExample" */ = {
			isa = XCConfigurationList;
			buildConfigurations = (
				4D97E8031E8E55DC001B7025 /* Debug */,
				4D97E8041E8E55DC001B7025 /* Release */,
			);
			defaultConfigurationIsVisible = 0;
			defaultConfigurationName = Release;
		};
		4D97E8051E8E55DC001B7025 /* Build configuration list for PBXNativeTarget "JenkinsTestApp1" */ = {
			isa = XCConfigurationList;
			buildConfigurations = (
				4D97E8061E8E55DC001B7025 /* Debug */,
				4D97E8071E8E55DC001B7025 /* Release */,
			);
			defaultConfigurationIsVisible = 0;
			defaultConfigurationName = Release;
		};
		C40E4F4722B81ABA00B22653 /* Build configuration list for PBXNativeTarget "JenkinsTestApp1Tests" */ = {
			isa = XCConfigurationList;
			buildConfigurations = (
				C40E4F4522B81ABA00B22653 /* Debug */,
				C40E4F4622B81ABA00B22653 /* Release */,
			);
			defaultConfigurationIsVisible = 0;
			defaultConfigurationName = Release;
		};
		C483002C22B6DD7400CB63C3 /* Build configuration list for PBXNativeTarget "JenkinsTestApp2" */ = {
			isa = XCConfigurationList;
			buildConfigurations = (
				C483002D22B6DD7400CB63C3 /* Debug */,
				C483002E22B6DD7400CB63C3 /* Release */,
			);
			defaultConfigurationIsVisible = 0;
			defaultConfigurationName = Release;
		};
		C483004122B6DD8100CB63C3 /* Build configuration list for PBXNativeTarget "JenkinsTestApp3" */ = {
			isa = XCConfigurationList;
			buildConfigurations = (
				C483004222B6DD8100CB63C3 /* Debug */,
				C483004322B6DD8100CB63C3 /* Release */,
			);
			defaultConfigurationIsVisible = 0;
			defaultConfigurationName = Release;
		};
/* End XCConfigurationList section */
	};
	rootObject = 4D97E7EB1E8E55DC001B7025 /* Project object */;
}
